
Microsoft Visual Studio Solution File, Format Version 12.00
# Visual Studio Version 16
VisualStudioVersion = 16.0.31129.286
MinimumVisualStudioVersion = 10.0.40219.1
Project("{FAE04EC0-301F-11D3-BF4B-00C04F79EFBC}") = "ApprovalManagementSystem", "ApprovalManagementSystem\ApprovalManagementSystem.csproj", "{92670C7F-523B-4AD3-B813-127B4FE12BF9}"
EndProject
Project("{2150E333-8FDC-42A3-9474-1A3956D46DE8}") = "BLL", "BLL", "{63AA6F4E-C048-4A6E-92C7-59CA7F71A8A3}"
EndProject
Project("{2150E333-8FDC-42A3-9474-1A3956D46DE8}") = "DAL", "DAL", "{37B5A0A3-1460-4729-B65A-EE5A10591119}"
EndProject
Project("{2150E333-8FDC-42A3-9474-1A3956D46DE8}") = "Commn", "Commn", "{3D2E3562-7EA1-4C2E-BEEE-AAA7FDE40032}"
EndProject
Project("{2150E333-8FDC-42A3-9474-1A3956D46DE8}") = "Sqlite", "Sqlite", "{B7F7ED58-E73C-443B-8842-D20D4A3283BC}"
EndProject
Project("{2150E333-8FDC-42A3-9474-1A3956D46DE8}") = "Tests", "Tests", "{B83BC10F-7A57-4091-A3B2-0D7860F87788}"
EndProject
Project("{9A19103F-16F7-4668-BE54-9A1E7A4F7556}") = "BusinessServices", "BusinessServices\BusinessServices.csproj", "{0BB76C6B-295D-40CB-923D-70BE05AC0B4C}"
EndProject
Project("{9A19103F-16F7-4668-BE54-9A1E7A4F7556}") = "IBusinessServices", "IBusinessServices\IBusinessServices.csproj", "{D19DD5D5-86BF-403D-84FA-36F1F33EF2E0}"
EndProject
Project("{9A19103F-16F7-4668-BE54-9A1E7A4F7556}") = "Common", "Common\Common.csproj", "{F35691AA-A154-42B2-9CED-4DFA190B75AD}"
EndProject
Project("{9A19103F-16F7-4668-BE54-9A1E7A4F7556}") = "DI", "DI\DI.csproj", "{1BD65891-2F43-48E9-A75B-5B2A3EF116FD}"
EndProject
Project("{9A19103F-16F7-4668-BE54-9A1E7A4F7556}") = "Domain", "Domain\Domain.csproj", "{0B71012B-6A66-4295-A620-E3818DEBA300}"
EndProject
Project("{9A19103F-16F7-4668-BE54-9A1E7A4F7556}") = "EF", "EF\EF.csproj", "{4369C137-08F0-439B-A434-CE4A3F24EA3C}"
EndProject
Project("{9A19103F-16F7-4668-BE54-9A1E7A4F7556}") = "IDataAccess", "IDataAccess\IDataAccess.csproj", "{14154AF8-8F55-4BF2-8B2C-EBE1FE3B6F6F}"
EndProject
Project("{9A19103F-16F7-4668-BE54-9A1E7A4F7556}") = "DataAccess", "DataAccess\DataAccess.csproj", "{8BEC3474-3545-44E3-845C-B9BC73A0C9D5}"
EndProject
Project("{9A19103F-16F7-4668-BE54-9A1E7A4F7556}") = "Tests", "Tests\Tests.csproj", "{29258C31-BBF9-4CFA-A671-0D7F6714EE19}"
EndProject
Project("{2150E333-8FDC-42A3-9474-1A3956D46DE8}") = "Scheduler", "Scheduler", "{EDC37A12-6499-4CE5-8FEC-39CBDE275DAA}"
EndProject
Project("{FAE04EC0-301F-11D3-BF4B-00C04F79EFBC}") = "EmailScheduler", "EmailScheduler\EmailScheduler.csproj", "{E32F6B95-11B1-4C5A-ADCE-B192D895BE30}"
EndProject
Global
	GlobalSection(SolutionConfigurationPlatforms) = preSolution
		Debug|Any CPU = Debug|Any CPU
		Release|Any CPU = Release|Any CPU
	EndGlobalSection
	GlobalSection(ProjectConfigurationPlatforms) = postSolution
		{92670C7F-523B-4AD3-B813-127B4FE12BF9}.Debug|Any CPU.ActiveCfg = Debug|Any CPU
		{92670C7F-523B-4AD3-B813-127B4FE12BF9}.Debug|Any CPU.Build.0 = Debug|Any CPU
		{92670C7F-523B-4AD3-B813-127B4FE12BF9}.Release|Any CPU.ActiveCfg = Release|Any CPU
		{92670C7F-523B-4AD3-B813-127B4FE12BF9}.Release|Any CPU.Build.0 = Release|Any CPU
		{0BB76C6B-295D-40CB-923D-70BE05AC0B4C}.Debug|Any CPU.ActiveCfg = Debug|Any CPU
		{0BB76C6B-295D-40CB-923D-70BE05AC0B4C}.Debug|Any CPU.Build.0 = Debug|Any CPU
		{0BB76C6B-295D-40CB-923D-70BE05AC0B4C}.Release|Any CPU.ActiveCfg = Release|Any CPU
		{0BB76C6B-295D-40CB-923D-70BE05AC0B4C}.Release|Any CPU.Build.0 = Release|Any CPU
		{D19DD5D5-86BF-403D-84FA-36F1F33EF2E0}.Debug|Any CPU.ActiveCfg = Debug|Any CPU
		{D19DD5D5-86BF-403D-84FA-36F1F33EF2E0}.Debug|Any CPU.Build.0 = Debug|Any CPU
		{D19DD5D5-86BF-403D-84FA-36F1F33EF2E0}.Release|Any CPU.ActiveCfg = Release|Any CPU
		{D19DD5D5-86BF-403D-84FA-36F1F33EF2E0}.Release|Any CPU.Build.0 = Release|Any CPU
		{F35691AA-A154-42B2-9CED-4DFA190B75AD}.Debug|Any CPU.ActiveCfg = Debug|Any CPU
		{F35691AA-A154-42B2-9CED-4DFA190B75AD}.Debug|Any CPU.Build.0 = Debug|Any CPU
		{F35691AA-A154-42B2-9CED-4DFA190B75AD}.Release|Any CPU.ActiveCfg = Release|Any CPU
		{F35691AA-A154-42B2-9CED-4DFA190B75AD}.Release|Any CPU.Build.0 = Release|Any CPU
		{1BD65891-2F43-48E9-A75B-5B2A3EF116FD}.Debug|Any CPU.ActiveCfg = Debug|Any CPU
		{1BD65891-2F43-48E9-A75B-5B2A3EF116FD}.Debug|Any CPU.Build.0 = Debug|Any CPU
		{1BD65891-2F43-48E9-A75B-5B2A3EF116FD}.Release|Any CPU.ActiveCfg = Release|Any CPU
		{1BD65891-2F43-48E9-A75B-5B2A3EF116FD}.Release|Any CPU.Build.0 = Release|Any CPU
		{0B71012B-6A66-4295-A620-E3818DEBA300}.Debug|Any CPU.ActiveCfg = Debug|Any CPU
		{0B71012B-6A66-4295-A620-E3818DEBA300}.Debug|Any CPU.Build.0 = Debug|Any CPU
		{0B71012B-6A66-4295-A620-E3818DEBA300}.Release|Any CPU.ActiveCfg = Release|Any CPU
		{0B71012B-6A66-4295-A620-E3818DEBA300}.Release|Any CPU.Build.0 = Release|Any CPU
		{4369C137-08F0-439B-A434-CE4A3F24EA3C}.Debug|Any CPU.ActiveCfg = Debug|Any CPU
		{4369C137-08F0-439B-A434-CE4A3F24EA3C}.Debug|Any CPU.Build.0 = Debug|Any CPU
		{4369C137-08F0-439B-A434-CE4A3F24EA3C}.Release|Any CPU.ActiveCfg = Release|Any CPU
		{4369C137-08F0-439B-A434-CE4A3F24EA3C}.Release|Any CPU.Build.0 = Release|Any CPU
		{14154AF8-8F55-4BF2-8B2C-EBE1FE3B6F6F}.Debug|Any CPU.ActiveCfg = Debug|Any CPU
		{14154AF8-8F55-4BF2-8B2C-EBE1FE3B6F6F}.Debug|Any CPU.Build.0 = Debug|Any CPU
		{14154AF8-8F55-4BF2-8B2C-EBE1FE3B6F6F}.Release|Any CPU.ActiveCfg = Release|Any CPU
		{14154AF8-8F55-4BF2-8B2C-EBE1FE3B6F6F}.Release|Any CPU.Build.0 = Release|Any CPU
		{8BEC3474-3545-44E3-845C-B9BC73A0C9D5}.Debug|Any CPU.ActiveCfg = Debug|Any CPU
		{8BEC3474-3545-44E3-845C-B9BC73A0C9D5}.Debug|Any CPU.Build.0 = Debug|Any CPU
		{8BEC3474-3545-44E3-845C-B9BC73A0C9D5}.Release|Any CPU.ActiveCfg = Release|Any CPU
		{8BEC3474-3545-44E3-845C-B9BC73A0C9D5}.Release|Any CPU.Build.0 = Release|Any CPU
		{29258C31-BBF9-4CFA-A671-0D7F6714EE19}.Debug|Any CPU.ActiveCfg = Debug|Any CPU
		{29258C31-BBF9-4CFA-A671-0D7F6714EE19}.Debug|Any CPU.Build.0 = Debug|Any CPU
		{29258C31-BBF9-4CFA-A671-0D7F6714EE19}.Release|Any CPU.ActiveCfg = Release|Any CPU
		{29258C31-BBF9-4CFA-A671-0D7F6714EE19}.Release|Any CPU.Build.0 = Release|Any CPU
		{E32F6B95-11B1-4C5A-ADCE-B192D895BE30}.Debug|Any CPU.ActiveCfg = Debug|Any CPU
		{E32F6B95-11B1-4C5A-ADCE-B192D895BE30}.Debug|Any CPU.Build.0 = Debug|Any CPU
		{E32F6B95-11B1-4C5A-ADCE-B192D895BE30}.Release|Any CPU.ActiveCfg = Release|Any CPU
		{E32F6B95-11B1-4C5A-ADCE-B192D895BE30}.Release|Any CPU.Build.0 = Release|Any CPU
	EndGlobalSection
	GlobalSection(SolutionProperties) = preSolution
		HideSolutionNode = FALSE
	EndGlobalSection
	GlobalSection(NestedProjects) = preSolution
		{0BB76C6B-295D-40CB-923D-70BE05AC0B4C} = {63AA6F4E-C048-4A6E-92C7-59CA7F71A8A3}
		{D19DD5D5-86BF-403D-84FA-36F1F33EF2E0} = {63AA6F4E-C048-4A6E-92C7-59CA7F71A8A3}
		{F35691AA-A154-42B2-9CED-4DFA190B75AD} = {3D2E3562-7EA1-4C2E-BEEE-AAA7FDE40032}
		{1BD65891-2F43-48E9-A75B-5B2A3EF116FD} = {3D2E3562-7EA1-4C2E-BEEE-AAA7FDE40032}
		{0B71012B-6A66-4295-A620-E3818DEBA300} = {3D2E3562-7EA1-4C2E-BEEE-AAA7FDE40032}
		{4369C137-08F0-439B-A434-CE4A3F24EA3C} = {37B5A0A3-1460-4729-B65A-EE5A10591119}
		{14154AF8-8F55-4BF2-8B2C-EBE1FE3B6F6F} = {37B5A0A3-1460-4729-B65A-EE5A10591119}
		{8BEC3474-3545-44E3-845C-B9BC73A0C9D5} = {37B5A0A3-1460-4729-B65A-EE5A10591119}
		{29258C31-BBF9-4CFA-A671-0D7F6714EE19} = {B83BC10F-7A57-4091-A3B2-0D7860F87788}
		{E32F6B95-11B1-4C5A-ADCE-B192D895BE30} = {EDC37A12-6499-4CE5-8FEC-39CBDE275DAA}
	EndGlobalSection
	GlobalSection(ExtensibilityGlobals) = postSolution
		SolutionGuid = {AB4047D4-FFA7-4C43-AA26-60C8386AEE93}
	EndGlobalSection
EndGlobal
